
Microsoft Visual Studio Solution File, Format Version 12.00
# Visual Studio Version 17
VisualStudioVersion = 17.0.31611.283
MinimumVisualStudioVersion = 10.0.40219.1
Project("{9A19103F-16F7-4668-BE54-9A1E7A4F7556}") = "ToDoList", "ToDoList\ToDoList.csproj", "{5E40AADD-07EC-4014-A4AF-8D1F68F27ED7}"
EndProject
Project("{2150E333-8FDC-42A3-9474-1A3956D46DE8}") = "Ejercicio1", "Ejercicio1", "{7FC2E3F5-B7C8-457A-B194-4DE03199111F}"
EndProject
Project("{9A19103F-16F7-4668-BE54-9A1E7A4F7556}") = "ToDoListAPI", "ToDoListAPI\ToDoListAPI.csproj", "{C4722786-0808-42EC-9BF4-38421554E007}"
EndProject
Project("{9A19103F-16F7-4668-BE54-9A1E7A4F7556}") = "PendientesApp", "PendientesApp\PendientesApp.csproj", "{03A2FF2E-59DA-4763-8696-783550105E52}"
EndProject
Project("{2150E333-8FDC-42A3-9474-1A3956D46DE8}") = "Ejercicio 2", "Ejercicio 2", "{B1128605-748A-4FD9-8C44-D45486B9FF31}"
EndProject
Project("{9A19103F-16F7-4668-BE54-9A1E7A4F7556}") = "AerolineaTECAPI", "AerolineaTECAPI\AerolineaTECAPI.csproj", "{D1030970-C6DE-4EF0-8F6E-22F33040CE52}"
EndProject
Project("{9A19103F-16F7-4668-BE54-9A1E7A4F7556}") = "PantallaVuelosMAUI", "PantallaVuelosMAUI\PantallaVuelosMAUI.csproj", "{9F74F262-2BBF-4CD1-9DB0-4532D1C0CE6F}"
EndProject
Project("{2150E333-8FDC-42A3-9474-1A3956D46DE8}") = "Unidad 2", "Unidad 2", "{BF98D67F-A19F-4DB3-8801-5EA66D32CD78}"
EndProject
Project("{9A19103F-16F7-4668-BE54-9A1E7A4F7556}") = "PruebaSignalR", "PruebaSignalR\PruebaSignalR.csproj", "{C0EC203A-812A-4410-8F1A-9D299F56BCFA}"
EndProject
Project("{9A19103F-16F7-4668-BE54-9A1E7A4F7556}") = "SignalRMAUI", "SignalRMAUI\SignalRMAUI.csproj", "{4309A50B-52DE-4FA3-BC28-36BD91A505DE}"
EndProject
Project("{2150E333-8FDC-42A3-9474-1A3956D46DE8}") = "Rifas", "Rifas", "{C442F25E-A1BD-4171-8F27-CD4C3B4635F2}"
EndProject
Project("{FAE04EC0-301F-11D3-BF4B-00C04F79EFBC}") = "RifasAPI", "RifasAPI\RifasAPI.csproj", "{46649579-B40C-40D8-8E93-E28E4A38953A}"
EndProject
Global
	GlobalSection(SolutionConfigurationPlatforms) = preSolution
		Debug|Any CPU = Debug|Any CPU
		Release|Any CPU = Release|Any CPU
	EndGlobalSection
	GlobalSection(ProjectConfigurationPlatforms) = postSolution
		{5E40AADD-07EC-4014-A4AF-8D1F68F27ED7}.Debug|Any CPU.ActiveCfg = Debug|Any CPU
		{5E40AADD-07EC-4014-A4AF-8D1F68F27ED7}.Debug|Any CPU.Build.0 = Debug|Any CPU
		{5E40AADD-07EC-4014-A4AF-8D1F68F27ED7}.Debug|Any CPU.Deploy.0 = Debug|Any CPU
		{5E40AADD-07EC-4014-A4AF-8D1F68F27ED7}.Release|Any CPU.ActiveCfg = Release|Any CPU
		{5E40AADD-07EC-4014-A4AF-8D1F68F27ED7}.Release|Any CPU.Build.0 = Release|Any CPU
		{5E40AADD-07EC-4014-A4AF-8D1F68F27ED7}.Release|Any CPU.Deploy.0 = Release|Any CPU
		{C4722786-0808-42EC-9BF4-38421554E007}.Debug|Any CPU.ActiveCfg = Debug|Any CPU
		{C4722786-0808-42EC-9BF4-38421554E007}.Debug|Any CPU.Build.0 = Debug|Any CPU
		{C4722786-0808-42EC-9BF4-38421554E007}.Release|Any CPU.ActiveCfg = Release|Any CPU
		{C4722786-0808-42EC-9BF4-38421554E007}.Release|Any CPU.Build.0 = Release|Any CPU
		{03A2FF2E-59DA-4763-8696-783550105E52}.Debug|Any CPU.ActiveCfg = Debug|Any CPU
		{03A2FF2E-59DA-4763-8696-783550105E52}.Debug|Any CPU.Build.0 = Debug|Any CPU
		{03A2FF2E-59DA-4763-8696-783550105E52}.Debug|Any CPU.Deploy.0 = Debug|Any CPU
		{03A2FF2E-59DA-4763-8696-783550105E52}.Release|Any CPU.ActiveCfg = Release|Any CPU
		{03A2FF2E-59DA-4763-8696-783550105E52}.Release|Any CPU.Build.0 = Release|Any CPU
		{03A2FF2E-59DA-4763-8696-783550105E52}.Release|Any CPU.Deploy.0 = Release|Any CPU
		{D1030970-C6DE-4EF0-8F6E-22F33040CE52}.Debug|Any CPU.ActiveCfg = Debug|Any CPU
		{D1030970-C6DE-4EF0-8F6E-22F33040CE52}.Debug|Any CPU.Build.0 = Debug|Any CPU
		{D1030970-C6DE-4EF0-8F6E-22F33040CE52}.Release|Any CPU.ActiveCfg = Release|Any CPU
		{D1030970-C6DE-4EF0-8F6E-22F33040CE52}.Release|Any CPU.Build.0 = Release|Any CPU
		{9F74F262-2BBF-4CD1-9DB0-4532D1C0CE6F}.Debug|Any CPU.ActiveCfg = Debug|Any CPU
		{9F74F262-2BBF-4CD1-9DB0-4532D1C0CE6F}.Debug|Any CPU.Build.0 = Debug|Any CPU
		{9F74F262-2BBF-4CD1-9DB0-4532D1C0CE6F}.Debug|Any CPU.Deploy.0 = Debug|Any CPU
		{9F74F262-2BBF-4CD1-9DB0-4532D1C0CE6F}.Release|Any CPU.ActiveCfg = Release|Any CPU
		{9F74F262-2BBF-4CD1-9DB0-4532D1C0CE6F}.Release|Any CPU.Build.0 = Release|Any CPU
		{9F74F262-2BBF-4CD1-9DB0-4532D1C0CE6F}.Release|Any CPU.Deploy.0 = Release|Any CPU
		{C0EC203A-812A-4410-8F1A-9D299F56BCFA}.Debug|Any CPU.ActiveCfg = Debug|Any CPU
		{C0EC203A-812A-4410-8F1A-9D299F56BCFA}.Debug|Any CPU.Build.0 = Debug|Any CPU
		{C0EC203A-812A-4410-8F1A-9D299F56BCFA}.Release|Any CPU.ActiveCfg = Release|Any CPU
		{C0EC203A-812A-4410-8F1A-9D299F56BCFA}.Release|Any CPU.Build.0 = Release|Any CPU
		{4309A50B-52DE-4FA3-BC28-36BD91A505DE}.Debug|Any CPU.ActiveCfg = Debug|Any CPU
		{4309A50B-52DE-4FA3-BC28-36BD91A505DE}.Debug|Any CPU.Build.0 = Debug|Any CPU
		{4309A50B-52DE-4FA3-BC28-36BD91A505DE}.Debug|Any CPU.Deploy.0 = Debug|Any CPU
		{4309A50B-52DE-4FA3-BC28-36BD91A505DE}.Release|Any CPU.ActiveCfg = Release|Any CPU
		{4309A50B-52DE-4FA3-BC28-36BD91A505DE}.Release|Any CPU.Build.0 = Release|Any CPU
		{4309A50B-52DE-4FA3-BC28-36BD91A505DE}.Release|Any CPU.Deploy.0 = Release|Any CPU
		{46649579-B40C-40D8-8E93-E28E4A38953A}.Debug|Any CPU.ActiveCfg = Debug|Any CPU
		{46649579-B40C-40D8-8E93-E28E4A38953A}.Debug|Any CPU.Build.0 = Debug|Any CPU
		{46649579-B40C-40D8-8E93-E28E4A38953A}.Release|Any CPU.ActiveCfg = Release|Any CPU
		{46649579-B40C-40D8-8E93-E28E4A38953A}.Release|Any CPU.Build.0 = Release|Any CPU
	EndGlobalSection
	GlobalSection(SolutionProperties) = preSolution
		HideSolutionNode = FALSE
	EndGlobalSection
	GlobalSection(NestedProjects) = preSolution
		{5E40AADD-07EC-4014-A4AF-8D1F68F27ED7} = {7FC2E3F5-B7C8-457A-B194-4DE03199111F}
		{C4722786-0808-42EC-9BF4-38421554E007} = {7FC2E3F5-B7C8-457A-B194-4DE03199111F}
		{03A2FF2E-59DA-4763-8696-783550105E52} = {7FC2E3F5-B7C8-457A-B194-4DE03199111F}
		{D1030970-C6DE-4EF0-8F6E-22F33040CE52} = {B1128605-748A-4FD9-8C44-D45486B9FF31}
		{9F74F262-2BBF-4CD1-9DB0-4532D1C0CE6F} = {B1128605-748A-4FD9-8C44-D45486B9FF31}
		{C0EC203A-812A-4410-8F1A-9D299F56BCFA} = {BF98D67F-A19F-4DB3-8801-5EA66D32CD78}
		{4309A50B-52DE-4FA3-BC28-36BD91A505DE} = {BF98D67F-A19F-4DB3-8801-5EA66D32CD78}
		{C442F25E-A1BD-4171-8F27-CD4C3B4635F2} = {BF98D67F-A19F-4DB3-8801-5EA66D32CD78}
		{46649579-B40C-40D8-8E93-E28E4A38953A} = {C442F25E-A1BD-4171-8F27-CD4C3B4635F2}
	EndGlobalSection
	GlobalSection(ExtensibilityGlobals) = postSolution
		SolutionGuid = {61F7FB11-1E47-470C-91E2-47F8143E1572}
	EndGlobalSection
EndGlobal
